
Microsoft Visual Studio Solution File, Format Version 12.00
# Visual Studio Version 16
VisualStudioVersion = 16.0.29728.190
MinimumVisualStudioVersion = 10.0.40219.1
Project("{FAE04EC0-301F-11D3-BF4B-00C04F79EFBC}") = "SpeccourierApiV2", "SpeccourierApiV2.csproj", "{122038BE-E39B-45DF-AF8A-19F9C12D350E}"
EndProject
Global
	GlobalSection(SolutionConfigurationPlatforms) = preSolution
		Debug|Any CPU = Debug|Any CPU
		Release|Any CPU = Release|Any CPU
	EndGlobalSection
	GlobalSection(ProjectConfigurationPlatforms) = postSolution
		{122038BE-E39B-45DF-AF8A-19F9C12D350E}.Debug|Any CPU.ActiveCfg = Debug|Any CPU
		{122038BE-E39B-45DF-AF8A-19F9C12D350E}.Debug|Any CPU.Build.0 = Debug|Any CPU
		{122038BE-E39B-45DF-AF8A-19F9C12D350E}.Release|Any CPU.ActiveCfg = Release|Any CPU
		{122038BE-E39B-45DF-AF8A-19F9C12D350E}.Release|Any CPU.Build.0 = Release|Any CPU
	EndGlobalSection
	GlobalSection(SolutionProperties) = preSolution
		HideSolutionNode = FALSE
	EndGlobalSection
	GlobalSection(ExtensibilityGlobals) = postSolution
		SolutionGuid = {E143F6F8-0448-4316-A4F2-E8AA51115DDA}
	EndGlobalSection
EndGlobal
